// !$*UTF8*$!
{
	archiveVersion = 1;
	classes = {
	};
	objectVersion = 50;
	objects = {

/* Begin PBXBuildFile section */
		A69D119122F03CF200627D24 /* AppDelegate.swift in Sources */ = {isa = PBXBuildFile; fileRef = A69D119022F03CF200627D24 /* AppDelegate.swift */; };
		A69D119322F03CF200627D24 /* ConversionViewController.swift in Sources */ = {isa = PBXBuildFile; fileRef = A69D119222F03CF200627D24 /* ConversionViewController.swift */; };
		A69D119622F03CF200627D24 /* Main.storyboard in Resources */ = {isa = PBXBuildFile; fileRef = A69D119422F03CF200627D24 /* Main.storyboard */; };
		A69D119822F03CF300627D24 /* Assets.xcassets in Resources */ = {isa = PBXBuildFile; fileRef = A69D119722F03CF300627D24 /* Assets.xcassets */; };
		A69D119B22F03CF300627D24 /* LaunchScreen.storyboard in Resources */ = {isa = PBXBuildFile; fileRef = A69D119922F03CF300627D24 /* LaunchScreen.storyboard */; };
		A69D11A622F03CF300627D24 /* WorldTrotterTests.swift in Sources */ = {isa = PBXBuildFile; fileRef = A69D11A522F03CF300627D24 /* WorldTrotterTests.swift */; };
		A69D11B122F03CF300627D24 /* WorldTrotterUITests.swift in Sources */ = {isa = PBXBuildFile; fileRef = A69D11B022F03CF300627D24 /* WorldTrotterUITests.swift */; };
		A69D11C022F0450200627D24 /* MapKit.framework in Frameworks */ = {isa = PBXBuildFile; fileRef = A69D11BF22F0450200627D24 /* MapKit.framework */; };
		A69D11C222F05E9500627D24 /* MapViewController.swift in Sources */ = {isa = PBXBuildFile; fileRef = A69D11C122F05E9500627D24 /* MapViewController.swift */; };
/* End PBXBuildFile section */

/* Begin PBXContainerItemProxy section */
		A69D11A222F03CF300627D24 /* PBXContainerItemProxy */ = {
			isa = PBXContainerItemProxy;
			containerPortal = A69D118522F03CF200627D24 /* Project object */;
			proxyType = 1;
			remoteGlobalIDString = A69D118C22F03CF200627D24;
			remoteInfo = WorldTrotter;
		};
		A69D11AD22F03CF300627D24 /* PBXContainerItemProxy */ = {
			isa = PBXContainerItemProxy;
			containerPortal = A69D118522F03CF200627D24 /* Project object */;
			proxyType = 1;
			remoteGlobalIDString = A69D118C22F03CF200627D24;
			remoteInfo = WorldTrotter;
		};
/* End PBXContainerItemProxy section */

/* Begin PBXFileReference section */
		A69D118D22F03CF200627D24 /* WorldTrotter.app */ = {isa = PBXFileReference; explicitFileType = wrapper.application; includeInIndex = 0; path = WorldTrotter.app; sourceTree = BUILT_PRODUCTS_DIR; };
		A69D119022F03CF200627D24 /* AppDelegate.swift */ = {isa = PBXFileReference; lastKnownFileType = sourcecode.swift; path = AppDelegate.swift; sourceTree = "<group>"; };
		A69D119222F03CF200627D24 /* ConversionViewController.swift */ = {isa = PBXFileReference; lastKnownFileType = sourcecode.swift; path = ConversionViewController.swift; sourceTree = "<group>"; };
		A69D119522F03CF200627D24 /* Base */ = {isa = PBXFileReference; lastKnownFileType = file.storyboard; name = Base; path = Base.lproj/Main.storyboard; sourceTree = "<group>"; };
		A69D119722F03CF300627D24 /* Assets.xcassets */ = {isa = PBXFileReference; lastKnownFileType = folder.assetcatalog; path = Assets.xcassets; sourceTree = "<group>"; };
		A69D119A22F03CF300627D24 /* Base */ = {isa = PBXFileReference; lastKnownFileType = file.storyboard; name = Base; path = Base.lproj/LaunchScreen.storyboard; sourceTree = "<group>"; };
		A69D119C22F03CF300627D24 /* Info.plist */ = {isa = PBXFileReference; lastKnownFileType = text.plist.xml; path = Info.plist; sourceTree = "<group>"; };
		A69D11A122F03CF300627D24 /* WorldTrotterTests.xctest */ = {isa = PBXFileReference; explicitFileType = wrapper.cfbundle; includeInIndex = 0; path = WorldTrotterTests.xctest; sourceTree = BUILT_PRODUCTS_DIR; };
		A69D11A522F03CF300627D24 /* WorldTrotterTests.swift */ = {isa = PBXFileReference; lastKnownFileType = sourcecode.swift; path = WorldTrotterTests.swift; sourceTree = "<group>"; };
		A69D11A722F03CF300627D24 /* Info.plist */ = {isa = PBXFileReference; lastKnownFileType = text.plist.xml; path = Info.plist; sourceTree = "<group>"; };
		A69D11AC22F03CF300627D24 /* WorldTrotterUITests.xctest */ = {isa = PBXFileReference; explicitFileType = wrapper.cfbundle; includeInIndex = 0; path = WorldTrotterUITests.xctest; sourceTree = BUILT_PRODUCTS_DIR; };
		A69D11B022F03CF300627D24 /* WorldTrotterUITests.swift */ = {isa = PBXFileReference; lastKnownFileType = sourcecode.swift; path = WorldTrotterUITests.swift; sourceTree = "<group>"; };
		A69D11B222F03CF300627D24 /* Info.plist */ = {isa = PBXFileReference; lastKnownFileType = text.plist.xml; path = Info.plist; sourceTree = "<group>"; };
		A69D11BF22F0450200627D24 /* MapKit.framework */ = {isa = PBXFileReference; lastKnownFileType = wrapper.framework; name = MapKit.framework; path = System/Library/Frameworks/MapKit.framework; sourceTree = SDKROOT; };
		A69D11C122F05E9500627D24 /* MapViewController.swift */ = {isa = PBXFileReference; lastKnownFileType = sourcecode.swift; path = MapViewController.swift; sourceTree = "<group>"; };
/* End PBXFileReference section */

/* Begin PBXFrameworksBuildPhase section */
		A69D118A22F03CF200627D24 /* Frameworks */ = {
			isa = PBXFrameworksBuildPhase;
			buildActionMask = 2147483647;
			files = (
				A69D11C022F0450200627D24 /* MapKit.framework in Frameworks */,
			);
			runOnlyForDeploymentPostprocessing = 0;
		};
		A69D119E22F03CF300627D24 /* Frameworks */ = {
			isa = PBXFrameworksBuildPhase;
			buildActionMask = 2147483647;
			files = (
			);
			runOnlyForDeploymentPostprocessing = 0;
		};
		A69D11A922F03CF300627D24 /* Frameworks */ = {
			isa = PBXFrameworksBuildPhase;
			buildActionMask = 2147483647;
			files = (
			);
			runOnlyForDeploymentPostprocessing = 0;
		};
/* End PBXFrameworksBuildPhase section */

/* Begin PBXGroup section */
		A69D118422F03CF200627D24 = {
			isa = PBXGroup;
			children = (
				A69D118F22F03CF200627D24 /* WorldTrotter */,
				A69D11A422F03CF300627D24 /* WorldTrotterTests */,
				A69D11AF22F03CF300627D24 /* WorldTrotterUITests */,
				A69D118E22F03CF200627D24 /* Products */,
				A69D11BE22F0450100627D24 /* Frameworks */,
			);
			sourceTree = "<group>";
		};
		A69D118E22F03CF200627D24 /* Products */ = {
			isa = PBXGroup;
			children = (
				A69D118D22F03CF200627D24 /* WorldTrotter.app */,
				A69D11A122F03CF300627D24 /* WorldTrotterTests.xctest */,
				A69D11AC22F03CF300627D24 /* WorldTrotterUITests.xctest */,
			);
			name = Products;
			sourceTree = "<group>";
		};
		A69D118F22F03CF200627D24 /* WorldTrotter */ = {
			isa = PBXGroup;
			children = (
				A69D119022F03CF200627D24 /* AppDelegate.swift */,
				A69D119222F03CF200627D24 /* ConversionViewController.swift */,
				A69D119422F03CF200627D24 /* Main.storyboard */,
				A69D119722F03CF300627D24 /* Assets.xcassets */,
				A69D119922F03CF300627D24 /* LaunchScreen.storyboard */,
				A69D119C22F03CF300627D24 /* Info.plist */,
				A69D11C122F05E9500627D24 /* MapViewController.swift */,
			);
			path = WorldTrotter;
			sourceTree = "<group>";
		};
		A69D11A422F03CF300627D24 /* WorldTrotterTests */ = {
			isa = PBXGroup;
			children = (
				A69D11A522F03CF300627D24 /* WorldTrotterTests.swift */,
				A69D11A722F03CF300627D24 /* Info.plist */,
			);
			path = WorldTrotterTests;
			sourceTree = "<group>";
		};
		A69D11AF22F03CF300627D24 /* WorldTrotterUITests */ = {
			isa = PBXGroup;
			children = (
				A69D11B022F03CF300627D24 /* WorldTrotterUITests.swift */,
				A69D11B222F03CF300627D24 /* Info.plist */,
			);
			path = WorldTrotterUITests;
			sourceTree = "<group>";
		};
		A69D11BE22F0450100627D24 /* Frameworks */ = {
			isa = PBXGroup;
			children = (
				A69D11BF22F0450200627D24 /* MapKit.framework */,
			);
			name = Frameworks;
			sourceTree = "<group>";
		};
/* End PBXGroup section */

/* Begin PBXNativeTarget section */
		A69D118C22F03CF200627D24 /* WorldTrotter */ = {
			isa = PBXNativeTarget;
			buildConfigurationList = A69D11B522F03CF300627D24 /* Build configuration list for PBXNativeTarget "WorldTrotter" */;
			buildPhases = (
				A69D118922F03CF200627D24 /* Sources */,
				A69D118A22F03CF200627D24 /* Frameworks */,
				A69D118B22F03CF200627D24 /* Resources */,
			);
			buildRules = (
			);
			dependencies = (
			);
			name = WorldTrotter;
			productName = WorldTrotter;
			productReference = A69D118D22F03CF200627D24 /* WorldTrotter.app */;
			productType = "com.apple.product-type.application";
		};
		A69D11A022F03CF300627D24 /* WorldTrotterTests */ = {
			isa = PBXNativeTarget;
			buildConfigurationList = A69D11B822F03CF300627D24 /* Build configuration list for PBXNativeTarget "WorldTrotterTests" */;
			buildPhases = (
				A69D119D22F03CF300627D24 /* Sources */,
				A69D119E22F03CF300627D24 /* Frameworks */,
				A69D119F22F03CF300627D24 /* Resources */,
			);
			buildRules = (
			);
			dependencies = (
				A69D11A322F03CF300627D24 /* PBXTargetDependency */,
			);
			name = WorldTrotterTests;
			productName = WorldTrotterTests;
			productReference = A69D11A122F03CF300627D24 /* WorldTrotterTests.xctest */;
			productType = "com.apple.product-type.bundle.unit-test";
		};
		A69D11AB22F03CF300627D24 /* WorldTrotterUITests */ = {
			isa = PBXNativeTarget;
			buildConfigurationList = A69D11BB22F03CF300627D24 /* Build configuration list for PBXNativeTarget "WorldTrotterUITests" */;
			buildPhases = (
				A69D11A822F03CF300627D24 /* Sources */,
				A69D11A922F03CF300627D24 /* Frameworks */,
				A69D11AA22F03CF300627D24 /* Resources */,
			);
			buildRules = (
			);
			dependencies = (
				A69D11AE22F03CF300627D24 /* PBXTargetDependency */,
			);
			name = WorldTrotterUITests;
			productName = WorldTrotterUITests;
			productReference = A69D11AC22F03CF300627D24 /* WorldTrotterUITests.xctest */;
			productType = "com.apple.product-type.bundle.ui-testing";
		};
/* End PBXNativeTarget section */

/* Begin PBXProject section */
		A69D118522F03CF200627D24 /* Project object */ = {
			isa = PBXProject;
			attributes = {
				LastSwiftUpdateCheck = 1030;
				LastUpgradeCheck = 1030;
				ORGANIZATIONNAME = "Matvii Hodovaniuk";
				TargetAttributes = {
					A69D118C22F03CF200627D24 = {
						CreatedOnToolsVersion = 10.3;
					};
					A69D11A022F03CF300627D24 = {
						CreatedOnToolsVersion = 10.3;
						TestTargetID = A69D118C22F03CF200627D24;
					};
					A69D11AB22F03CF300627D24 = {
						CreatedOnToolsVersion = 10.3;
						TestTargetID = A69D118C22F03CF200627D24;
					};
				};
			};
			buildConfigurationList = A69D118822F03CF200627D24 /* Build configuration list for PBXProject "WorldTrotter" */;
			compatibilityVersion = "Xcode 9.3";
			developmentRegion = en;
			hasScannedForEncodings = 0;
			knownRegions = (
				en,
				Base,
			);
			mainGroup = A69D118422F03CF200627D24;
			productRefGroup = A69D118E22F03CF200627D24 /* Products */;
			projectDirPath = "";
			projectRoot = "";
			targets = (
				A69D118C22F03CF200627D24 /* WorldTrotter */,
				A69D11A022F03CF300627D24 /* WorldTrotterTests */,
				A69D11AB22F03CF300627D24 /* WorldTrotterUITests */,
			);
		};
/* End PBXProject section */

/* Begin PBXResourcesBuildPhase section */
		A69D118B22F03CF200627D24 /* Resources */ = {
			isa = PBXResourcesBuildPhase;
			buildActionMask = 2147483647;
			files = (
				A69D119B22F03CF300627D24 /* LaunchScreen.storyboard in Resources */,
				A69D119822F03CF300627D24 /* Assets.xcassets in Resources */,
				A69D119622F03CF200627D24 /* Main.storyboard in Resources */,
			);
			runOnlyForDeploymentPostprocessing = 0;
		};
		A69D119F22F03CF300627D24 /* Resources */ = {
			isa = PBXResourcesBuildPhase;
			buildActionMask = 2147483647;
			files = (
			);
			runOnlyForDeploymentPostprocessing = 0;
		};
		A69D11AA22F03CF300627D24 /* Resources */ = {
			isa = PBXResourcesBuildPhase;
			buildActionMask = 2147483647;
			files = (
			);
			runOnlyForDeploymentPostprocessing = 0;
		};
/* End PBXResourcesBuildPhase section */

/* Begin PBXSourcesBuildPhase section */
		A69D118922F03CF200627D24 /* Sources */ = {
			isa = PBXSourcesBuildPhase;
			buildActionMask = 2147483647;
			files = (
				A69D119322F03CF200627D24 /* ConversionViewController.swift in Sources */,
				A69D11C222F05E9500627D24 /* MapViewController.swift in Sources */,
				A69D119122F03CF200627D24 /* AppDelegate.swift in Sources */,
			);
			runOnlyForDeploymentPostprocessing = 0;
		};
		A69D119D22F03CF300627D24 /* Sources */ = {
			isa = PBXSourcesBuildPhase;
			buildActionMask = 2147483647;
			files = (
				A69D11A622F03CF300627D24 /* WorldTrotterTests.swift in Sources */,
			);
			runOnlyForDeploymentPostprocessing = 0;
		};
		A69D11A822F03CF300627D24 /* Sources */ = {
			isa = PBXSourcesBuildPhase;
			buildActionMask = 2147483647;
			files = (
				A69D11B122F03CF300627D24 /* WorldTrotterUITests.swift in Sources */,
			);
			runOnlyForDeploymentPostprocessing = 0;
		};
/* End PBXSourcesBuildPhase section */

/* Begin PBXTargetDependency section */
		A69D11A322F03CF300627D24 /* PBXTargetDependency */ = {
			isa = PBXTargetDependency;
			target = A69D118C22F03CF200627D24 /* WorldTrotter */;
			targetProxy = A69D11A222F03CF300627D24 /* PBXContainerItemProxy */;
		};
		A69D11AE22F03CF300627D24 /* PBXTargetDependency */ = {
			isa = PBXTargetDependency;
			target = A69D118C22F03CF200627D24 /* WorldTrotter */;
			targetProxy = A69D11AD22F03CF300627D24 /* PBXContainerItemProxy */;
		};
/* End PBXTargetDependency section */

/* Begin PBXVariantGroup section */
		A69D119422F03CF200627D24 /* Main.storyboard */ = {
			isa = PBXVariantGroup;
			children = (
				A69D119522F03CF200627D24 /* Base */,
			);
			name = Main.storyboard;
			sourceTree = "<group>";
		};
		A69D119922F03CF300627D24 /* LaunchScreen.storyboard */ = {
			isa = PBXVariantGroup;
			children = (
				A69D119A22F03CF300627D24 /* Base */,
			);
			name = LaunchScreen.storyboard;
			sourceTree = "<group>";
		};
/* End PBXVariantGroup section */

/* Begin XCBuildConfiguration section */
		A69D11B322F03CF300627D24 /* Debug */ = {
			isa = XCBuildConfiguration;
			buildSettings = {
				ALWAYS_SEARCH_USER_PATHS = NO;
				CLANG_ANALYZER_NONNULL = YES;
				CLANG_ANALYZER_NUMBER_OBJECT_CONVERSION = YES_AGGRESSIVE;
				CLANG_CXX_LANGUAGE_STANDARD = "gnu++14";
				CLANG_CXX_LIBRARY = "libc++";
				CLANG_ENABLE_MODULES = YES;
				CLANG_ENABLE_OBJC_ARC = YES;
				CLANG_ENABLE_OBJC_WEAK = YES;
				CLANG_WARN_BLOCK_CAPTURE_AUTORELEASING = YES;
				CLANG_WARN_BOOL_CONVERSION = YES;
				CLANG_WARN_COMMA = YES;
				CLANG_WARN_CONSTANT_CONVERSION = YES;
				CLANG_WARN_DEPRECATED_OBJC_IMPLEMENTATIONS = YES;
				CLANG_WARN_DIRECT_OBJC_ISA_USAGE = YES_ERROR;
				CLANG_WARN_DOCUMENTATION_COMMENTS = YES;
				CLANG_WARN_EMPTY_BODY = YES;
				CLANG_WARN_ENUM_CONVERSION = YES;
				CLANG_WARN_INFINITE_RECURSION = YES;
				CLANG_WARN_INT_CONVERSION = YES;
				CLANG_WARN_NON_LITERAL_NULL_CONVERSION = YES;
				CLANG_WARN_OBJC_IMPLICIT_RETAIN_SELF = YES;
				CLANG_WARN_OBJC_LITERAL_CONVERSION = YES;
				CLANG_WARN_OBJC_ROOT_CLASS = YES_ERROR;
				CLANG_WARN_RANGE_LOOP_ANALYSIS = YES;
				CLANG_WARN_STRICT_PROTOTYPES = YES;
				CLANG_WARN_SUSPICIOUS_MOVE = YES;
				CLANG_WARN_UNGUARDED_AVAILABILITY = YES_AGGRESSIVE;
				CLANG_WARN_UNREACHABLE_CODE = YES;
				CLANG_WARN__DUPLICATE_METHOD_MATCH = YES;
				CODE_SIGN_IDENTITY = "iPhone Developer";
				COPY_PHASE_STRIP = NO;
				DEBUG_INFORMATION_FORMAT = dwarf;
				ENABLE_STRICT_OBJC_MSGSEND = YES;
				ENABLE_TESTABILITY = YES;
				GCC_C_LANGUAGE_STANDARD = gnu11;
				GCC_DYNAMIC_NO_PIC = NO;
				GCC_NO_COMMON_BLOCKS = YES;
				GCC_OPTIMIZATION_LEVEL = 0;
				GCC_PREPROCESSOR_DEFINITIONS = (
					"DEBUG=1",
					"$(inherited)",
				);
				GCC_WARN_64_TO_32_BIT_CONVERSION = YES;
				GCC_WARN_ABOUT_RETURN_TYPE = YES_ERROR;
				GCC_WARN_UNDECLARED_SELECTOR = YES;
				GCC_WARN_UNINITIALIZED_AUTOS = YES_AGGRESSIVE;
				GCC_WARN_UNUSED_FUNCTION = YES;
				GCC_WARN_UNUSED_VARIABLE = YES;
				IPHONEOS_DEPLOYMENT_TARGET = 12.4;
				MTL_ENABLE_DEBUG_INFO = INCLUDE_SOURCE;
				MTL_FAST_MATH = YES;
				ONLY_ACTIVE_ARCH = YES;
				SDKROOT = iphoneos;
				SWIFT_ACTIVE_COMPILATION_CONDITIONS = DEBUG;
				SWIFT_OPTIMIZATION_LEVEL = "-Onone";
			};
			name = Debug;
		};
		A69D11B422F03CF300627D24 /* Release */ = {
			isa = XCBuildConfiguration;
			buildSettings = {
				ALWAYS_SEARCH_USER_PATHS = NO;
				CLANG_ANALYZER_NONNULL = YES;
				CLANG_ANALYZER_NUMBER_OBJECT_CONVERSION = YES_AGGRESSIVE;
				CLANG_CXX_LANGUAGE_STANDARD = "gnu++14";
				CLANG_CXX_LIBRARY = "libc++";
				CLANG_ENABLE_MODULES = YES;
				CLANG_ENABLE_OBJC_ARC = YES;
				CLANG_ENABLE_OBJC_WEAK = YES;
				CLANG_WARN_BLOCK_CAPTURE_AUTORELEASING = YES;
				CLANG_WARN_BOOL_CONVERSION = YES;
				CLANG_WARN_COMMA = YES;
				CLANG_WARN_CONSTANT_CONVERSION = YES;
				CLANG_WARN_DEPRECATED_OBJC_IMPLEMENTATIONS = YES;
				CLANG_WARN_DIRECT_OBJC_ISA_USAGE = YES_ERROR;
				CLANG_WARN_DOCUMENTATION_COMMENTS = YES;
				CLANG_WARN_EMPTY_BODY = YES;
				CLANG_WARN_ENUM_CONVERSION = YES;
				CLANG_WARN_INFINITE_RECURSION = YES;
				CLANG_WARN_INT_CONVERSION = YES;
				CLANG_WARN_NON_LITERAL_NULL_CONVERSION = YES;
				CLANG_WARN_OBJC_IMPLICIT_RETAIN_SELF = YES;
				CLANG_WARN_OBJC_LITERAL_CONVERSION = YES;
				CLANG_WARN_OBJC_ROOT_CLASS = YES_ERROR;
				CLANG_WARN_RANGE_LOOP_ANALYSIS = YES;
				CLANG_WARN_STRICT_PROTOTYPES = YES;
				CLANG_WARN_SUSPICIOUS_MOVE = YES;
				CLANG_WARN_UNGUARDED_AVAILABILITY = YES_AGGRESSIVE;
				CLANG_WARN_UNREACHABLE_CODE = YES;
				CLANG_WARN__DUPLICATE_METHOD_MATCH = YES;
				CODE_SIGN_IDENTITY = "iPhone Developer";
				COPY_PHASE_STRIP = NO;
				DEBUG_INFORMATION_FORMAT = "dwarf-with-dsym";
				ENABLE_NS_ASSERTIONS = NO;
				ENABLE_STRICT_OBJC_MSGSEND = YES;
				GCC_C_LANGUAGE_STANDARD = gnu11;
				GCC_NO_COMMON_BLOCKS = YES;
				GCC_WARN_64_TO_32_BIT_CONVERSION = YES;
				GCC_WARN_ABOUT_RETURN_TYPE = YES_ERROR;
				GCC_WARN_UNDECLARED_SELECTOR = YES;
				GCC_WARN_UNINITIALIZED_AUTOS = YES_AGGRESSIVE;
				GCC_WARN_UNUSED_FUNCTION = YES;
				GCC_WARN_UNUSED_VARIABLE = YES;
				IPHONEOS_DEPLOYMENT_TARGET = 12.4;
				MTL_ENABLE_DEBUG_INFO = NO;
				MTL_FAST_MATH = YES;
				SDKROOT = iphoneos;
				SWIFT_COMPILATION_MODE = wholemodule;
				SWIFT_OPTIMIZATION_LEVEL = "-O";
				VALIDATE_PRODUCT = YES;
			};
			name = Release;
		};
		A69D11B622F03CF300627D24 /* Debug */ = {
			isa = XCBuildConfiguration;
			buildSettings = {
				ASSETCATALOG_COMPILER_APPICON_NAME = AppIcon;
				CODE_SIGN_STYLE = Automatic;
				INFOPLIST_FILE = WorldTrotter/Info.plist;
				LD_RUNPATH_SEARCH_PATHS = (
					"$(inherited)",
					"@executable_path/Frameworks",
				);
				PRODUCT_BUNDLE_IDENTIFIER = hmi.WorldTrotter;
				PRODUCT_NAME = "$(TARGET_NAME)";
				SWIFT_VERSION = 5.0;
				TARGETED_DEVICE_FAMILY = "1,2";
			};
			name = Debug;
		};
		A69D11B722F03CF300627D24 /* Release */ = {
			isa = XCBuildConfiguration;
			buildSettings = {
				ASSETCATALOG_COMPILER_APPICON_NAME = AppIcon;
				CODE_SIGN_STYLE = Automatic;
				INFOPLIST_FILE = WorldTrotter/Info.plist;
				LD_RUNPATH_SEARCH_PATHS = (
					"$(inherited)",
					"@executable_path/Frameworks",
				);
				PRODUCT_BUNDLE_IDENTIFIER = hmi.WorldTrotter;
				PRODUCT_NAME = "$(TARGET_NAME)";
				SWIFT_VERSION = 5.0;
				TARGETED_DEVICE_FAMILY = "1,2";
			};
			name = Release;
		};
		A69D11B922F03CF300627D24 /* Debug */ = {
			isa = XCBuildConfiguration;
			buildSettings = {
				ALWAYS_EMBED_SWIFT_STANDARD_LIBRARIES = YES;
				BUNDLE_LOADER = "$(TEST_HOST)";
				CODE_SIGN_STYLE = Automatic;
				INFOPLIST_FILE = WorldTrotterTests/Info.plist;
				LD_RUNPATH_SEARCH_PATHS = (
					"$(inherited)",
					"@executable_path/Frameworks",
					"@loader_path/Frameworks",
				);
				PRODUCT_BUNDLE_IDENTIFIER = hmi.WorldTrotterTests;
				PRODUCT_NAME = "$(TARGET_NAME)";
				SWIFT_VERSION = 5.0;
				TARGETED_DEVICE_FAMILY = "1,2";
				TEST_HOST = "$(BUILT_PRODUCTS_DIR)/WorldTrotter.app/WorldTrotter";
			};
			name = Debug;
		};
		A69D11BA22F03CF300627D24 /* Release */ = {
			isa = XCBuildConfiguration;
			buildSettings = {
				ALWAYS_EMBED_SWIFT_STANDARD_LIBRARIES = YES;
				BUNDLE_LOADER = "$(TEST_HOST)";
				CODE_SIGN_STYLE = Automatic;
				INFOPLIST_FILE = WorldTrotterTests/Info.plist;
				LD_RUNPATH_SEARCH_PATHS = (
					"$(inherited)",
					"@executable_path/Frameworks",
					"@loader_path/Frameworks",
				);
				PRODUCT_BUNDLE_IDENTIFIER = hmi.WorldTrotterTests;
				PRODUCT_NAME = "$(TARGET_NAME)";
				SWIFT_VERSION = 5.0;
				TARGETED_DEVICE_FAMILY = "1,2";
				TEST_HOST = "$(BUILT_PRODUCTS_DIR)/WorldTrotter.app/WorldTrotter";
			};
			name = Release;
		};
		A69D11BC22F03CF300627D24 /* Debug */ = {
			isa = XCBuildConfiguration;
			buildSettings = {
				ALWAYS_EMBED_SWIFT_STANDARD_LIBRARIES = YES;
				CODE_SIGN_STYLE = Automatic;
				INFOPLIST_FILE = WorldTrotterUITests/Info.plist;
				LD_RUNPATH_SEARCH_PATHS = (
					"$(inherited)",
					"@executable_path/Frameworks",
					"@loader_path/Frameworks",
				);
				PRODUCT_BUNDLE_IDENTIFIER = hmi.WorldTrotterUITests;
				PRODUCT_NAME = "$(TARGET_NAME)";
				SWIFT_VERSION = 5.0;
				TARGETED_DEVICE_FAMILY = "1,2";
				TEST_TARGET_NAME = WorldTrotter;
			};
			name = Debug;
		};
		A69D11BD22F03CF300627D24 /* Release */ = {
			isa = XCBuildConfiguration;
			buildSettings = {
				ALWAYS_EMBED_SWIFT_STANDARD_LIBRARIES = YES;
				CODE_SIGN_STYLE = Automatic;
				INFOPLIST_FILE = WorldTrotterUITests/Info.plist;
				LD_RUNPATH_SEARCH_PATHS = (
					"$(inherited)",
					"@executable_path/Frameworks",
					"@loader_path/Frameworks",
				);
				PRODUCT_BUNDLE_IDENTIFIER = hmi.WorldTrotterUITests;
				PRODUCT_NAME = "$(TARGET_NAME)";
				SWIFT_VERSION = 5.0;
				TARGETED_DEVICE_FAMILY = "1,2";
				TEST_TARGET_NAME = WorldTrotter;
			};
			name = Release;
		};
/* End XCBuildConfiguration section */

/* Begin XCConfigurationList section */
		A69D118822F03CF200627D24 /* Build configuration list for PBXProject "WorldTrotter" */ = {
			isa = XCConfigurationList;
			buildConfigurations = (
				A69D11B322F03CF300627D24 /* Debug */,
				A69D11B422F03CF300627D24 /* Release */,
			);
			defaultConfigurationIsVisible = 0;
			defaultConfigurationName = Release;
		};
		A69D11B522F03CF300627D24 /* Build configuration list for PBXNativeTarget "WorldTrotter" */ = {
			isa = XCConfigurationList;
			buildConfigurations = (
				A69D11B622F03CF300627D24 /* Debug */,
				A69D11B722F03CF300627D24 /* Release */,
			);
			defaultConfigurationIsVisible = 0;
			defaultConfigurationName = Release;
		};
		A69D11B822F03CF300627D24 /* Build configuration list for PBXNativeTarget "WorldTrotterTests" */ = {
			isa = XCConfigurationList;
			buildConfigurations = (
				A69D11B922F03CF300627D24 /* Debug */,
				A69D11BA22F03CF300627D24 /* Release */,
			);
			defaultConfigurationIsVisible = 0;
			defaultConfigurationName = Release;
		};
		A69D11BB22F03CF300627D24 /* Build configuration list for PBXNativeTarget "WorldTrotterUITests" */ = {
			isa = XCConfigurationList;
			buildConfigurations = (
				A69D11BC22F03CF300627D24 /* Debug */,
				A69D11BD22F03CF300627D24 /* Release */,
			);
			defaultConfigurationIsVisible = 0;
			defaultConfigurationName = Release;
		};
/* End XCConfigurationList section */
	};
	rootObject = A69D118522F03CF200627D24 /* Project object */;
}
